{
  "name": "Enterprise",
  "lockfileVersion": 3,
  "requires": true,
  "packages": {
    "": {
      "dependencies": {
        "echarts": "^5.5.0",
        "vue-echarts": "^6.7.2"
      }
    },
    "node_modules/echarts": {
      "version": "5.5.0",
      "resolved": "https://registry.npmmirror.com/echarts/-/echarts-5.5.0.tgz",
      "integrity": "sha512-rNYnNCzqDAPCr4m/fqyUFv7fD9qIsd50S6GDFgO1DxZhncCsNsG7IfUlAlvZe5oSEQxtsjnHiUuppzccry93Xw==",
      "dependencies": {
        "tslib": "2.3.0",
        "zrender": "5.5.0"
      }
    },
    "node_modules/resize-detector": {
      "version": "0.3.0",
      "resolved": "https://registry.npmmirror.com/resize-detector/-/resize-detector-0.3.0.tgz",
      "integrity": "sha512-R/tCuvuOHQ8o2boRP6vgx8hXCCy87H1eY9V5imBYeVNyNVpuL9ciReSccLj2gDcax9+2weXy3bc8Vv+NRXeEvQ=="
    },
    "node_modules/tslib": {
      "version": "2.3.0",
      "resolved": "https://registry.npmmirror.com/tslib/-/tslib-2.3.0.tgz",
      "integrity": "sha512-N82ooyxVNm6h1riLCoyS9e3fuJ3AMG2zIZs2Gd1ATcSFjSA23Q0fzjjZeh0jbJvWVDZ0cJT8yaNNaaXHzueNjg=="
    },
    "node_modules/vue-demi": {
      "version": "0.13.11",
      "resolved": "https://registry.npmmirror.com/vue-demi/-/vue-demi-0.13.11.tgz",
      "integrity": "sha512-IR8HoEEGM65YY3ZJYAjMlKygDQn25D5ajNFNoKh9RSDMQtlzCxtfQjdQgv9jjK+m3377SsJXY8ysq8kLCZL25A==",
      "hasInstallScript": true,
      "bin": {
        "vue-demi-fix": "bin/vue-demi-fix.js",
        "vue-demi-switch": "bin/vue-demi-switch.js"
      },
      "engines": {
        "node": ">=12"
      },
      "funding": {
        "url": "https://github.com/sponsors/antfu"
      },
      "peerDependencies": {
        "@vue/composition-api": "^1.0.0-rc.1",
        "vue": "^3.0.0-0 || ^2.6.0"
      },
      "peerDependenciesMeta": {
        "@vue/composition-api": {
          "optional": true
        }
      }
    },
    "node_modules/vue-echarts": {
      "version": "6.7.2",
      "resolved": "https://registry.npmmirror.com/vue-echarts/-/vue-echarts-6.7.2.tgz",
      "integrity": "sha512-SG8Vmszhx24KjtySsk361DogZLRkPCyLhgoyh7iN1eH3WGJ0kyl3k0g4QiSJqK0+F1Ej0HDopq4A5OGcBlAwzw==",
      "hasInstallScript": true,
      "dependencies": {
        "resize-detector": "^0.3.0",
        "vue-demi": "^0.13.11"
      },
      "peerDependencies": {
        "@vue/composition-api": "^1.0.5",
        "@vue/runtime-core": "^3.0.0",
        "echarts": "^5.4.1",
        "vue": "^2.6.12 || ^3.1.1"
      },
      "peerDependenciesMeta": {
        "@vue/composition-api": {
          "optional": true
        },
        "@vue/runtime-core": {
          "optional": true
        }
      }
    },
    "node_modules/zrender": {
      "version": "5.5.0",
      "resolved": "https://registry.npmmirror.com/zrender/-/zrender-5.5.0.tgz",
      "integrity": "sha512-O3MilSi/9mwoovx77m6ROZM7sXShR/O/JIanvzTwjN3FORfLSr81PsUGd7jlaYOeds9d8tw82oP44+3YucVo+w==",
      "dependencies": {
        "tslib": "2.3.0"
      }
    }
  }
}
